
Microsoft Visual Studio Solution File, Format Version 10.00
# Visual Studio 2008
Project("{FAE04EC0-301F-11D3-BF4B-00C04F79EFBC}") = "06_decoupled_provider_file", "06_decoupled_provider_file.csproj", "{CF03EFC9-4040-46D8-8C0A-882BD0C2DF2E}"
EndProject
Global
	GlobalSection(SolutionConfigurationPlatforms) = preSolution
		Debug|Any CPU = Debug|Any CPU
		Release|Any CPU = Release|Any CPU
	EndGlobalSection
	GlobalSection(ProjectConfigurationPlatforms) = postSolution
		{CF03EFC9-4040-46D8-8C0A-882BD0C2DF2E}.Debug|Any CPU.ActiveCfg = Debug|Any CPU
		{CF03EFC9-4040-46D8-8C0A-882BD0C2DF2E}.Debug|Any CPU.Build.0 = Debug|Any CPU
		{CF03EFC9-4040-46D8-8C0A-882BD0C2DF2E}.Release|Any CPU.ActiveCfg = Release|Any CPU
		{CF03EFC9-4040-46D8-8C0A-882BD0C2DF2E}.Release|Any CPU.Build.0 = Release|Any CPU
	EndGlobalSection
	GlobalSection(SolutionProperties) = preSolution
		HideSolutionNode = FALSE
	EndGlobalSection
EndGlobal
