
Microsoft Visual Studio Solution File, Format Version 10.00
# Visual Studio 2008
Project("{FAE04EC0-301F-11D3-BF4B-00C04F79EFBC}") = "03_info_setter", "03_info_setter.csproj", "{651870A5-8F6E-4BEA-AC32-37D5C25269C7}"
EndProject
Global
	GlobalSection(SolutionConfigurationPlatforms) = preSolution
		Debug|Any CPU = Debug|Any CPU
		Release|Any CPU = Release|Any CPU
	EndGlobalSection
	GlobalSection(ProjectConfigurationPlatforms) = postSolution
		{651870A5-8F6E-4BEA-AC32-37D5C25269C7}.Debug|Any CPU.ActiveCfg = Debug|Any CPU
		{651870A5-8F6E-4BEA-AC32-37D5C25269C7}.Debug|Any CPU.Build.0 = Debug|Any CPU
		{651870A5-8F6E-4BEA-AC32-37D5C25269C7}.Release|Any CPU.ActiveCfg = Release|Any CPU
		{651870A5-8F6E-4BEA-AC32-37D5C25269C7}.Release|Any CPU.Build.0 = Release|Any CPU
	EndGlobalSection
	GlobalSection(SolutionProperties) = preSolution
		HideSolutionNode = FALSE
	EndGlobalSection
EndGlobal
