
Microsoft Visual Studio Solution File, Format Version 10.00
# Visual Studio 2008
Project("{FAE04EC0-301F-11D3-BF4B-00C04F79EFBC}") = "00_mac", "00_mac.csproj", "{96538AE7-9484-42D8-A315-4145ED9D161D}"
EndProject
Global
	GlobalSection(SolutionConfigurationPlatforms) = preSolution
		Debug|Any CPU = Debug|Any CPU
		Release|Any CPU = Release|Any CPU
	EndGlobalSection
	GlobalSection(ProjectConfigurationPlatforms) = postSolution
		{96538AE7-9484-42D8-A315-4145ED9D161D}.Debug|Any CPU.ActiveCfg = Debug|Any CPU
		{96538AE7-9484-42D8-A315-4145ED9D161D}.Debug|Any CPU.Build.0 = Debug|Any CPU
		{96538AE7-9484-42D8-A315-4145ED9D161D}.Release|Any CPU.ActiveCfg = Release|Any CPU
		{96538AE7-9484-42D8-A315-4145ED9D161D}.Release|Any CPU.Build.0 = Release|Any CPU
	EndGlobalSection
	GlobalSection(SolutionProperties) = preSolution
		HideSolutionNode = FALSE
	EndGlobalSection
EndGlobal
