
Microsoft Visual Studio Solution File, Format Version 10.00
# Visual Studio 2008
Project("{FAE04EC0-301F-11D3-BF4B-00C04F79EFBC}") = "demo1", "demo1.csproj", "{1CACA185-7EBE-40BF-86A1-DD26EC597DEC}"
EndProject
Global
	GlobalSection(SolutionConfigurationPlatforms) = preSolution
		Debug|Any CPU = Debug|Any CPU
		Release|Any CPU = Release|Any CPU
	EndGlobalSection
	GlobalSection(ProjectConfigurationPlatforms) = postSolution
		{1CACA185-7EBE-40BF-86A1-DD26EC597DEC}.Debug|Any CPU.ActiveCfg = Debug|Any CPU
		{1CACA185-7EBE-40BF-86A1-DD26EC597DEC}.Debug|Any CPU.Build.0 = Debug|Any CPU
		{1CACA185-7EBE-40BF-86A1-DD26EC597DEC}.Release|Any CPU.ActiveCfg = Release|Any CPU
		{1CACA185-7EBE-40BF-86A1-DD26EC597DEC}.Release|Any CPU.Build.0 = Release|Any CPU
	EndGlobalSection
	GlobalSection(SolutionProperties) = preSolution
		HideSolutionNode = FALSE
	EndGlobalSection
EndGlobal
